
Microsoft Visual Studio Solution File, Format Version 12.00
# Visual Studio Version 17
VisualStudioVersion = 17.2.32526.322
MinimumVisualStudioVersion = 10.0.40219.1
Project("{FAE04EC0-301F-11D3-BF4B-00C04F79EFBC}") = "LineProblem", "LineProblem.csproj", "{BB95DBA9-AE0B-4DBE-A422-70A09E1187C8}"
EndProject
Global
	GlobalSection(SolutionConfigurationPlatforms) = preSolution
		Debug|Any CPU = Debug|Any CPU
		Release|Any CPU = Release|Any CPU
	EndGlobalSection
	GlobalSection(ProjectConfigurationPlatforms) = postSolution
		{BB95DBA9-AE0B-4DBE-A422-70A09E1187C8}.Debug|Any CPU.ActiveCfg = Debug|Any CPU
		{BB95DBA9-AE0B-4DBE-A422-70A09E1187C8}.Debug|Any CPU.Build.0 = Debug|Any CPU
		{BB95DBA9-AE0B-4DBE-A422-70A09E1187C8}.Release|Any CPU.ActiveCfg = Release|Any CPU
		{BB95DBA9-AE0B-4DBE-A422-70A09E1187C8}.Release|Any CPU.Build.0 = Release|Any CPU
	EndGlobalSection
	GlobalSection(SolutionProperties) = preSolution
		HideSolutionNode = FALSE
	EndGlobalSection
	GlobalSection(ExtensibilityGlobals) = postSolution
		SolutionGuid = {C1F9DA44-1A29-405C-82D3-C5D104E137C3}
	EndGlobalSection
EndGlobal
