
Microsoft Visual Studio Solution File, Format Version 12.00
# Visual Studio Version 17
VisualStudioVersion = 17.2.32616.157
MinimumVisualStudioVersion = 10.0.40219.1
Project("{FAE04EC0-301F-11D3-BF4B-00C04F79EFBC}") = "Day5_Q6-10", "Day5_Q6-10.csproj", "{0544CA15-9A93-490A-BE56-F8597B88D034}"
EndProject
Global
	GlobalSection(SolutionConfigurationPlatforms) = preSolution
		Debug|Any CPU = Debug|Any CPU
		Release|Any CPU = Release|Any CPU
	EndGlobalSection
	GlobalSection(ProjectConfigurationPlatforms) = postSolution
		{0544CA15-9A93-490A-BE56-F8597B88D034}.Debug|Any CPU.ActiveCfg = Debug|Any CPU
		{0544CA15-9A93-490A-BE56-F8597B88D034}.Debug|Any CPU.Build.0 = Debug|Any CPU
		{0544CA15-9A93-490A-BE56-F8597B88D034}.Release|Any CPU.ActiveCfg = Release|Any CPU
		{0544CA15-9A93-490A-BE56-F8597B88D034}.Release|Any CPU.Build.0 = Release|Any CPU
	EndGlobalSection
	GlobalSection(SolutionProperties) = preSolution
		HideSolutionNode = FALSE
	EndGlobalSection
	GlobalSection(ExtensibilityGlobals) = postSolution
		SolutionGuid = {EA071ECE-78C8-407D-BADD-D6F333505AE4}
	EndGlobalSection
EndGlobal
